
Microsoft Visual Studio Solution File, Format Version 12.00
# Visual Studio Version 17
VisualStudioVersion = 17.14.36811.4 d17.14
MinimumVisualStudioVersion = 10.0.40219.1
Project("{FAE04EC0-301F-11D3-BF4B-00C04F79EFBC}") = "InteractiveCompiler", "InteractiveCompiler.csproj", "{375DE4F6-338C-4259-8F2C-0E5C79ACD7C9}"
EndProject
Project("{FAE04EC0-301F-11D3-BF4B-00C04F79EFBC}") = "InteractiveCompilerDevelopmentConsole", "InteractiveCompilerDevelopmentConsole\InteractiveCompilerDevelopmentConsole.csproj", "{DA4A2D0A-9E41-48C0-8517-6095AD4A7528}"
EndProject
Global
	GlobalSection(SolutionConfigurationPlatforms) = preSolution
		Debug|Any CPU = Debug|Any CPU
		Release|Any CPU = Release|Any CPU
	EndGlobalSection
	GlobalSection(ProjectConfigurationPlatforms) = postSolution
		{375DE4F6-338C-4259-8F2C-0E5C79ACD7C9}.Debug|Any CPU.ActiveCfg = Debug|Any CPU
		{375DE4F6-338C-4259-8F2C-0E5C79ACD7C9}.Debug|Any CPU.Build.0 = Debug|Any CPU
		{375DE4F6-338C-4259-8F2C-0E5C79ACD7C9}.Release|Any CPU.ActiveCfg = Release|Any CPU
		{375DE4F6-338C-4259-8F2C-0E5C79ACD7C9}.Release|Any CPU.Build.0 = Release|Any CPU
		{DA4A2D0A-9E41-48C0-8517-6095AD4A7528}.Debug|Any CPU.ActiveCfg = Debug|Any CPU
		{DA4A2D0A-9E41-48C0-8517-6095AD4A7528}.Debug|Any CPU.Build.0 = Debug|Any CPU
		{DA4A2D0A-9E41-48C0-8517-6095AD4A7528}.Release|Any CPU.ActiveCfg = Release|Any CPU
		{DA4A2D0A-9E41-48C0-8517-6095AD4A7528}.Release|Any CPU.Build.0 = Release|Any CPU
	EndGlobalSection
	GlobalSection(SolutionProperties) = preSolution
		HideSolutionNode = FALSE
	EndGlobalSection
	GlobalSection(ExtensibilityGlobals) = postSolution
		SolutionGuid = {3F16C56C-1A6C-4C43-B450-9934A41DC4FE}
	EndGlobalSection
EndGlobal
